// !$*UTF8*$!
{
	archiveVersion = 1;
	classes = {
	};
	objectVersion = 55;
	objects = {

/* Begin PBXBuildFile section */
		FD4E340F281A888500B2D334 /* SmartHomeThermostatApp.swift in Sources */ = {isa = PBXBuildFile; fileRef = FD4E340E281A888500B2D334 /* SmartHomeThermostatApp.swift */; };
		FD4E3411281A888600B2D334 /* ContentView.swift in Sources */ = {isa = PBXBuildFile; fileRef = FD4E3410281A888600B2D334 /* ContentView.swift */; };
		FD4E3413281A888700B2D334 /* Assets.xcassets in Resources */ = {isa = PBXBuildFile; fileRef = FD4E3412281A888700B2D334 /* Assets.xcassets */; };
		FD4E3416281A888700B2D334 /* Preview Assets.xcassets in Resources */ = {isa = PBXBuildFile; fileRef = FD4E3415281A888700B2D334 /* Preview Assets.xcassets */; };
		FD4E341D281A8CC100B2D334 /* Extensions.swift in Sources */ = {isa = PBXBuildFile; fileRef = FD4E341C281A8CC100B2D334 /* Extensions.swift */; };
		FD4E341F281A907700B2D334 /* ClimateCard.swift in Sources */ = {isa = PBXBuildFile; fileRef = FD4E341E281A907700B2D334 /* ClimateCard.swift */; };
		FDB70EF1281AAEE3001B5801 /* ThermometerView.swift in Sources */ = {isa = PBXBuildFile; fileRef = FDB70EF0281AAEE3001B5801 /* ThermometerView.swift */; };
		FDB70EF3281AAFB9001B5801 /* ThermometerPlaceholderView.swift in Sources */ = {isa = PBXBuildFile; fileRef = FDB70EF2281AAFB9001B5801 /* ThermometerPlaceholderView.swift */; };
		FDB70EF5281AB8AD001B5801 /* ThermometerDialView.swift in Sources */ = {isa = PBXBuildFile; fileRef = FDB70EF4281AB8AD001B5801 /* ThermometerDialView.swift */; };
		FDB70EF7281AC0CB001B5801 /* ThermometerSummaryView.swift in Sources */ = {isa = PBXBuildFile; fileRef = FDB70EF6281AC0CB001B5801 /* ThermometerSummaryView.swift */; };
		FDB70EF9281AC497001B5801 /* ThermometerScaleView.swift in Sources */ = {isa = PBXBuildFile; fileRef = FDB70EF8281AC497001B5801 /* ThermometerScaleView.swift */; };
/* End PBXBuildFile section */

/* Begin PBXFileReference section */
		FD4E340B281A888500B2D334 /* SmartHomeThermostat.app */ = {isa = PBXFileReference; explicitFileType = wrapper.application; includeInIndex = 0; path = SmartHomeThermostat.app; sourceTree = BUILT_PRODUCTS_DIR; };
		FD4E340E281A888500B2D334 /* SmartHomeThermostatApp.swift */ = {isa = PBXFileReference; lastKnownFileType = sourcecode.swift; path = SmartHomeThermostatApp.swift; sourceTree = "<group>"; };
		FD4E3410281A888600B2D334 /* ContentView.swift */ = {isa = PBXFileReference; lastKnownFileType = sourcecode.swift; path = ContentView.swift; sourceTree = "<group>"; };
		FD4E3412281A888700B2D334 /* Assets.xcassets */ = {isa = PBXFileReference; lastKnownFileType = folder.assetcatalog; path = Assets.xcassets; sourceTree = "<group>"; };
		FD4E3415281A888700B2D334 /* Preview Assets.xcassets */ = {isa = PBXFileReference; lastKnownFileType = folder.assetcatalog; path = "Preview Assets.xcassets"; sourceTree = "<group>"; };
		FD4E341C281A8CC100B2D334 /* Extensions.swift */ = {isa = PBXFileReference; lastKnownFileType = sourcecode.swift; path = Extensions.swift; sourceTree = "<group>"; };
		FD4E341E281A907700B2D334 /* ClimateCard.swift */ = {isa = PBXFileReference; lastKnownFileType = sourcecode.swift; path = ClimateCard.swift; sourceTree = "<group>"; };
		FDB70EF0281AAEE3001B5801 /* ThermometerView.swift */ = {isa = PBXFileReference; lastKnownFileType = sourcecode.swift; path = ThermometerView.swift; sourceTree = "<group>"; };
		FDB70EF2281AAFB9001B5801 /* ThermometerPlaceholderView.swift */ = {isa = PBXFileReference; lastKnownFileType = sourcecode.swift; path = ThermometerPlaceholderView.swift; sourceTree = "<group>"; };
		FDB70EF4281AB8AD001B5801 /* ThermometerDialView.swift */ = {isa = PBXFileReference; lastKnownFileType = sourcecode.swift; path = ThermometerDialView.swift; sourceTree = "<group>"; };
		FDB70EF6281AC0CB001B5801 /* ThermometerSummaryView.swift */ = {isa = PBXFileReference; lastKnownFileType = sourcecode.swift; path = ThermometerSummaryView.swift; sourceTree = "<group>"; };
		FDB70EF8281AC497001B5801 /* ThermometerScaleView.swift */ = {isa = PBXFileReference; lastKnownFileType = sourcecode.swift; path = ThermometerScaleView.swift; sourceTree = "<group>"; };
/* End PBXFileReference section */

/* Begin PBXFrameworksBuildPhase section */
		FD4E3408281A888500B2D334 /* Frameworks */ = {
			isa = PBXFrameworksBuildPhase;
			buildActionMask = 2147483647;
			files = (
			);
			runOnlyForDeploymentPostprocessing = 0;
		};
/* End PBXFrameworksBuildPhase section */

/* Begin PBXGroup section */
		FD4E3402281A888500B2D334 = {
			isa = PBXGroup;
			children = (
				FD4E340D281A888500B2D334 /* SmartHomeThermostat */,
				FD4E340C281A888500B2D334 /* Products */,
			);
			sourceTree = "<group>";
		};
		FD4E340C281A888500B2D334 /* Products */ = {
			isa = PBXGroup;
			children = (
				FD4E340B281A888500B2D334 /* SmartHomeThermostat.app */,
			);
			name = Products;
			sourceTree = "<group>";
		};
		FD4E340D281A888500B2D334 /* SmartHomeThermostat */ = {
			isa = PBXGroup;
			children = (
				FD4E340E281A888500B2D334 /* SmartHomeThermostatApp.swift */,
				FD4E3410281A888600B2D334 /* ContentView.swift */,
				FDB70EF0281AAEE3001B5801 /* ThermometerView.swift */,
				FDB70EF8281AC497001B5801 /* ThermometerScaleView.swift */,
				FDB70EF6281AC0CB001B5801 /* ThermometerSummaryView.swift */,
				FDB70EF4281AB8AD001B5801 /* ThermometerDialView.swift */,
				FDB70EF2281AAFB9001B5801 /* ThermometerPlaceholderView.swift */,
				FD4E341E281A907700B2D334 /* ClimateCard.swift */,
				FD4E341C281A8CC100B2D334 /* Extensions.swift */,
				FD4E3412281A888700B2D334 /* Assets.xcassets */,
				FD4E3414281A888700B2D334 /* Preview Content */,
			);
			path = SmartHomeThermostat;
			sourceTree = "<group>";
		};
		FD4E3414281A888700B2D334 /* Preview Content */ = {
			isa = PBXGroup;
			children = (
				FD4E3415281A888700B2D334 /* Preview Assets.xcassets */,
			);
			path = "Preview Content";
			sourceTree = "<group>";
		};
/* End PBXGroup section */

/* Begin PBXNativeTarget section */
		FD4E340A281A888500B2D334 /* SmartHomeThermostat */ = {
			isa = PBXNativeTarget;
			buildConfigurationList = FD4E3419281A888700B2D334 /* Build configuration list for PBXNativeTarget "SmartHomeThermostat" */;
			buildPhases = (
				FD4E3407281A888500B2D334 /* Sources */,
				FD4E3408281A888500B2D334 /* Frameworks */,
				FD4E3409281A888500B2D334 /* Resources */,
			);
			buildRules = (
			);
			dependencies = (
			);
			name = SmartHomeThermostat;
			productName = SmartHomeThermostat;
			productReference = FD4E340B281A888500B2D334 /* SmartHomeThermostat.app */;
			productType = "com.apple.product-type.application";
		};
/* End PBXNativeTarget section */

/* Begin PBXProject section */
		FD4E3403281A888500B2D334 /* Project object */ = {
			isa = PBXProject;
			attributes = {
				BuildIndependentTargetsInParallel = 1;
				LastSwiftUpdateCheck = 1330;
				LastUpgradeCheck = 1330;
				TargetAttributes = {
					FD4E340A281A888500B2D334 = {
						CreatedOnToolsVersion = 13.3.1;
					};
				};
			};
			buildConfigurationList = FD4E3406281A888500B2D334 /* Build configuration list for PBXProject "SmartHomeThermostat" */;
			compatibilityVersion = "Xcode 13.0";
			developmentRegion = en;
			hasScannedForEncodings = 0;
			knownRegions = (
				en,
				Base,
			);
			mainGroup = FD4E3402281A888500B2D334;
			productRefGroup = FD4E340C281A888500B2D334 /* Products */;
			projectDirPath = "";
			projectRoot = "";
			targets = (
				FD4E340A281A888500B2D334 /* SmartHomeThermostat */,
			);
		};
/* End PBXProject section */

/* Begin PBXResourcesBuildPhase section */
		FD4E3409281A888500B2D334 /* Resources */ = {
			isa = PBXResourcesBuildPhase;
			buildActionMask = 2147483647;
			files = (
				FD4E3416281A888700B2D334 /* Preview Assets.xcassets in Resources */,
				FD4E3413281A888700B2D334 /* Assets.xcassets in Resources */,
			);
			runOnlyForDeploymentPostprocessing = 0;
		};
/* End PBXResourcesBuildPhase section */

/* Begin PBXSourcesBuildPhase section */
		FD4E3407281A888500B2D334 /* Sources */ = {
			isa = PBXSourcesBuildPhase;
			buildActionMask = 2147483647;
			files = (
				FD4E3411281A888600B2D334 /* ContentView.swift in Sources */,
				FDB70EF1281AAEE3001B5801 /* ThermometerView.swift in Sources */,
				FDB70EF3281AAFB9001B5801 /* ThermometerPlaceholderView.swift in Sources */,
				FDB70EF9281AC497001B5801 /* ThermometerScaleView.swift in Sources */,
				FD4E341F281A907700B2D334 /* ClimateCard.swift in Sources */,
				FDB70EF7281AC0CB001B5801 /* ThermometerSummaryView.swift in Sources */,
				FD4E341D281A8CC100B2D334 /* Extensions.swift in Sources */,
				FDB70EF5281AB8AD001B5801 /* ThermometerDialView.swift in Sources */,
				FD4E340F281A888500B2D334 /* SmartHomeThermostatApp.swift in Sources */,
			);
			runOnlyForDeploymentPostprocessing = 0;
		};
/* End PBXSourcesBuildPhase section */

/* Begin XCBuildConfiguration section */
		FD4E3417281A888700B2D334 /* Debug */ = {
			isa = XCBuildConfiguration;
			buildSettings = {
				ALWAYS_SEARCH_USER_PATHS = NO;
				CLANG_ANALYZER_NONNULL = YES;
				CLANG_ANALYZER_NUMBER_OBJECT_CONVERSION = YES_AGGRESSIVE;
				CLANG_CXX_LANGUAGE_STANDARD = "gnu++17";
				CLANG_ENABLE_MODULES = YES;
				CLANG_ENABLE_OBJC_ARC = YES;
				CLANG_ENABLE_OBJC_WEAK = YES;
				CLANG_WARN_BLOCK_CAPTURE_AUTORELEASING = YES;
				CLANG_WARN_BOOL_CONVERSION = YES;
				CLANG_WARN_COMMA = YES;
				CLANG_WARN_CONSTANT_CONVERSION = YES;
				CLANG_WARN_DEPRECATED_OBJC_IMPLEMENTATIONS = YES;
				CLANG_WARN_DIRECT_OBJC_ISA_USAGE = YES_ERROR;
				CLANG_WARN_DOCUMENTATION_COMMENTS = YES;
				CLANG_WARN_EMPTY_BODY = YES;
				CLANG_WARN_ENUM_CONVERSION = YES;
				CLANG_WARN_INFINITE_RECURSION = YES;
				CLANG_WARN_INT_CONVERSION = YES;
				CLANG_WARN_NON_LITERAL_NULL_CONVERSION = YES;
				CLANG_WARN_OBJC_IMPLICIT_RETAIN_SELF = YES;
				CLANG_WARN_OBJC_LITERAL_CONVERSION = YES;
				CLANG_WARN_OBJC_ROOT_CLASS = YES_ERROR;
				CLANG_WARN_QUOTED_INCLUDE_IN_FRAMEWORK_HEADER = YES;
				CLANG_WARN_RANGE_LOOP_ANALYSIS = YES;
				CLANG_WARN_STRICT_PROTOTYPES = YES;
				CLANG_WARN_SUSPICIOUS_MOVE = YES;
				CLANG_WARN_UNGUARDED_AVAILABILITY = YES_AGGRESSIVE;
				CLANG_WARN_UNREACHABLE_CODE = YES;
				CLANG_WARN__DUPLICATE_METHOD_MATCH = YES;
				COPY_PHASE_STRIP = NO;
				DEBUG_INFORMATION_FORMAT = dwarf;
				ENABLE_STRICT_OBJC_MSGSEND = YES;
				ENABLE_TESTABILITY = YES;
				GCC_C_LANGUAGE_STANDARD = gnu11;
				GCC_DYNAMIC_NO_PIC = NO;
				GCC_NO_COMMON_BLOCKS = YES;
				GCC_OPTIMIZATION_LEVEL = 0;
				GCC_PREPROCESSOR_DEFINITIONS = (
					"DEBUG=1",
					"$(inherited)",
				);
				GCC_WARN_64_TO_32_BIT_CONVERSION = YES;
				GCC_WARN_ABOUT_RETURN_TYPE = YES_ERROR;
				GCC_WARN_UNDECLARED_SELECTOR = YES;
				GCC_WARN_UNINITIALIZED_AUTOS = YES_AGGRESSIVE;
				GCC_WARN_UNUSED_FUNCTION = YES;
				GCC_WARN_UNUSED_VARIABLE = YES;
				IPHONEOS_DEPLOYMENT_TARGET = 15.4;
				MTL_ENABLE_DEBUG_INFO = INCLUDE_SOURCE;
				MTL_FAST_MATH = YES;
				ONLY_ACTIVE_ARCH = YES;
				SDKROOT = iphoneos;
				SWIFT_ACTIVE_COMPILATION_CONDITIONS = DEBUG;
				SWIFT_OPTIMIZATION_LEVEL = "-Onone";
			};
			name = Debug;
		};
		FD4E3418281A888700B2D334 /* Release */ = {
			isa = XCBuildConfiguration;
			buildSettings = {
				ALWAYS_SEARCH_USER_PATHS = NO;
				CLANG_ANALYZER_NONNULL = YES;
				CLANG_ANALYZER_NUMBER_OBJECT_CONVERSION = YES_AGGRESSIVE;
				CLANG_CXX_LANGUAGE_STANDARD = "gnu++17";
				CLANG_ENABLE_MODULES = YES;
				CLANG_ENABLE_OBJC_ARC = YES;
				CLANG_ENABLE_OBJC_WEAK = YES;
				CLANG_WARN_BLOCK_CAPTURE_AUTORELEASING = YES;
				CLANG_WARN_BOOL_CONVERSION = YES;
				CLANG_WARN_COMMA = YES;
				CLANG_WARN_CONSTANT_CONVERSION = YES;
				CLANG_WARN_DEPRECATED_OBJC_IMPLEMENTATIONS = YES;
				CLANG_WARN_DIRECT_OBJC_ISA_USAGE = YES_ERROR;
				CLANG_WARN_DOCUMENTATION_COMMENTS = YES;
				CLANG_WARN_EMPTY_BODY = YES;
				CLANG_WARN_ENUM_CONVERSION = YES;
				CLANG_WARN_INFINITE_RECURSION = YES;
				CLANG_WARN_INT_CONVERSION = YES;
				CLANG_WARN_NON_LITERAL_NULL_CONVERSION = YES;
				CLANG_WARN_OBJC_IMPLICIT_RETAIN_SELF = YES;
				CLANG_WARN_OBJC_LITERAL_CONVERSION = YES;
				CLANG_WARN_OBJC_ROOT_CLASS = YES_ERROR;
				CLANG_WARN_QUOTED_INCLUDE_IN_FRAMEWORK_HEADER = YES;
				CLANG_WARN_RANGE_LOOP_ANALYSIS = YES;
				CLANG_WARN_STRICT_PROTOTYPES = YES;
				CLANG_WARN_SUSPICIOUS_MOVE = YES;
				CLANG_WARN_UNGUARDED_AVAILABILITY = YES_AGGRESSIVE;
				CLANG_WARN_UNREACHABLE_CODE = YES;
				CLANG_WARN__DUPLICATE_METHOD_MATCH = YES;
				COPY_PHASE_STRIP = NO;
				DEBUG_INFORMATION_FORMAT = "dwarf-with-dsym";
				ENABLE_NS_ASSERTIONS = NO;
				ENABLE_STRICT_OBJC_MSGSEND = YES;
				GCC_C_LANGUAGE_STANDARD = gnu11;
				GCC_NO_COMMON_BLOCKS = YES;
				GCC_WARN_64_TO_32_BIT_CONVERSION = YES;
				GCC_WARN_ABOUT_RETURN_TYPE = YES_ERROR;
				GCC_WARN_UNDECLARED_SELECTOR = YES;
				GCC_WARN_UNINITIALIZED_AUTOS = YES_AGGRESSIVE;
				GCC_WARN_UNUSED_FUNCTION = YES;
				GCC_WARN_UNUSED_VARIABLE = YES;
				IPHONEOS_DEPLOYMENT_TARGET = 15.4;
				MTL_ENABLE_DEBUG_INFO = NO;
				MTL_FAST_MATH = YES;
				SDKROOT = iphoneos;
				SWIFT_COMPILATION_MODE = wholemodule;
				SWIFT_OPTIMIZATION_LEVEL = "-O";
				VALIDATE_PRODUCT = YES;
			};
			name = Release;
		};
		FD4E341A281A888700B2D334 /* Debug */ = {
			isa = XCBuildConfiguration;
			buildSettings = {
				ASSETCATALOG_COMPILER_APPICON_NAME = AppIcon;
				ASSETCATALOG_COMPILER_GLOBAL_ACCENT_COLOR_NAME = AccentColor;
				CODE_SIGN_STYLE = Automatic;
				CURRENT_PROJECT_VERSION = 1;
				DEVELOPMENT_ASSET_PATHS = "\"SmartHomeThermostat/Preview Content\"";
				DEVELOPMENT_TEAM = XP6V4T4UU6;
				ENABLE_PREVIEWS = YES;
				GENERATE_INFOPLIST_FILE = YES;
				INFOPLIST_KEY_UIApplicationSceneManifest_Generation = YES;
				INFOPLIST_KEY_UIApplicationSupportsIndirectInputEvents = YES;
				INFOPLIST_KEY_UILaunchScreen_Generation = YES;
				INFOPLIST_KEY_UISupportedInterfaceOrientations_iPad = "UIInterfaceOrientationPortrait UIInterfaceOrientationPortraitUpsideDown UIInterfaceOrientationLandscapeLeft UIInterfaceOrientationLandscapeRight";
				INFOPLIST_KEY_UISupportedInterfaceOrientations_iPhone = "UIInterfaceOrientationPortrait UIInterfaceOrientationLandscapeLeft UIInterfaceOrientationLandscapeRight";
				LD_RUNPATH_SEARCH_PATHS = (
					"$(inherited)",
					"@executable_path/Frameworks",
				);
				MARKETING_VERSION = 1.0;
				PRODUCT_BUNDLE_IDENTIFIER = com.blacenova.sample.SmartHomeThermostat;
				PRODUCT_NAME = "$(TARGET_NAME)";
				SWIFT_EMIT_LOC_STRINGS = YES;
				SWIFT_VERSION = 5.0;
				TARGETED_DEVICE_FAMILY = "1,2";
			};
			name = Debug;
		};
		FD4E341B281A888700B2D334 /* Release */ = {
			isa = XCBuildConfiguration;
			buildSettings = {
				ASSETCATALOG_COMPILER_APPICON_NAME = AppIcon;
				ASSETCATALOG_COMPILER_GLOBAL_ACCENT_COLOR_NAME = AccentColor;
				CODE_SIGN_STYLE = Automatic;
				CURRENT_PROJECT_VERSION = 1;
				DEVELOPMENT_ASSET_PATHS = "\"SmartHomeThermostat/Preview Content\"";
				DEVELOPMENT_TEAM = XP6V4T4UU6;
				ENABLE_PREVIEWS = YES;
				GENERATE_INFOPLIST_FILE = YES;
				INFOPLIST_KEY_UIApplicationSceneManifest_Generation = YES;
				INFOPLIST_KEY_UIApplicationSupportsIndirectInputEvents = YES;
				INFOPLIST_KEY_UILaunchScreen_Generation = YES;
				INFOPLIST_KEY_UISupportedInterfaceOrientations_iPad = "UIInterfaceOrientationPortrait UIInterfaceOrientationPortraitUpsideDown UIInterfaceOrientationLandscapeLeft UIInterfaceOrientationLandscapeRight";
				INFOPLIST_KEY_UISupportedInterfaceOrientations_iPhone = "UIInterfaceOrientationPortrait UIInterfaceOrientationLandscapeLeft UIInterfaceOrientationLandscapeRight";
				LD_RUNPATH_SEARCH_PATHS = (
					"$(inherited)",
					"@executable_path/Frameworks",
				);
				MARKETING_VERSION = 1.0;
				PRODUCT_BUNDLE_IDENTIFIER = com.blacenova.sample.SmartHomeThermostat;
				PRODUCT_NAME = "$(TARGET_NAME)";
				SWIFT_EMIT_LOC_STRINGS = YES;
				SWIFT_VERSION = 5.0;
				TARGETED_DEVICE_FAMILY = "1,2";
			};
			name = Release;
		};
/* End XCBuildConfiguration section */

/* Begin XCConfigurationList section */
		FD4E3406281A888500B2D334 /* Build configuration list for PBXProject "SmartHomeThermostat" */ = {
			isa = XCConfigurationList;
			buildConfigurations = (
				FD4E3417281A888700B2D334 /* Debug */,
				FD4E3418281A888700B2D334 /* Release */,
			);
			defaultConfigurationIsVisible = 0;
			defaultConfigurationName = Release;
		};
		FD4E3419281A888700B2D334 /* Build configuration list for PBXNativeTarget "SmartHomeThermostat" */ = {
			isa = XCConfigurationList;
			buildConfigurations = (
				FD4E341A281A888700B2D334 /* Debug */,
				FD4E341B281A888700B2D334 /* Release */,
			);
			defaultConfigurationIsVisible = 0;
			defaultConfigurationName = Release;
		};
/* End XCConfigurationList section */
	};
	rootObject = FD4E3403281A888500B2D334 /* Project object */;
}
